// !$*UTF8*$!
{
	archiveVersion = 1;
	classes = {
	};
	objectVersion = 51;
	objects = {

/* Begin PBXBuildFile section */
		0471C72E249B549D0012ED7F /* AppDelegate.swift in Sources */ = {isa = PBXBuildFile; fileRef = 0471C72D249B549D0012ED7F /* AppDelegate.swift */; };
		0471C730249B549D0012ED7F /* SceneDelegate.swift in Sources */ = {isa = PBXBuildFile; fileRef = 0471C72F249B549D0012ED7F /* SceneDelegate.swift */; };
		0471C732249B549D0012ED7F /* ContentView.swift in Sources */ = {isa = PBXBuildFile; fileRef = 0471C731249B549D0012ED7F /* ContentView.swift */; };
		0471C734249B549E0012ED7F /* Assets.xcassets in Resources */ = {isa = PBXBuildFile; fileRef = 0471C733249B549E0012ED7F /* Assets.xcassets */; };
		0471C737249B549E0012ED7F /* Preview Assets.xcassets in Resources */ = {isa = PBXBuildFile; fileRef = 0471C736249B549E0012ED7F /* Preview Assets.xcassets */; };
		0471C73A249B549E0012ED7F /* LaunchScreen.storyboard in Resources */ = {isa = PBXBuildFile; fileRef = 0471C738249B549E0012ED7F /* LaunchScreen.storyboard */; };
		0471C742249B8F180012ED7F /* FirebaseSession.swift in Sources */ = {isa = PBXBuildFile; fileRef = 0471C741249B8F180012ED7F /* FirebaseSession.swift */; };
		0471C744249B8FD00012ED7F /* ActivityIndicator.swift in Sources */ = {isa = PBXBuildFile; fileRef = 0471C743249B8FD00012ED7F /* ActivityIndicator.swift */; };
		0471C746249BA05B0012ED7F /* GoogleService-Info.plist in Resources */ = {isa = PBXBuildFile; fileRef = 0471C745249BA05B0012ED7F /* GoogleService-Info.plist */; };
		0471C748249BE65B0012ED7F /* MerchantsView.swift in Sources */ = {isa = PBXBuildFile; fileRef = 0471C747249BE65B0012ED7F /* MerchantsView.swift */; };
		0471C74A249BE6F60012ED7F /* LoadingView.swift in Sources */ = {isa = PBXBuildFile; fileRef = 0471C749249BE6F60012ED7F /* LoadingView.swift */; };
		0471C74C249BE8020012ED7F /* Merchant.swift in Sources */ = {isa = PBXBuildFile; fileRef = 0471C74B249BE8020012ED7F /* Merchant.swift */; };
		0471C750249BE8DE0012ED7F /* ListingDetail.swift in Sources */ = {isa = PBXBuildFile; fileRef = 0471C74E249BE8DE0012ED7F /* ListingDetail.swift */; };
		0471C752249BEF9E0012ED7F /* SnapshotExtension.swift in Sources */ = {isa = PBXBuildFile; fileRef = 0471C751249BEF9E0012ED7F /* SnapshotExtension.swift */; };
		0471C754249BFE330012ED7F /* ListingItem.swift in Sources */ = {isa = PBXBuildFile; fileRef = 0471C753249BFE330012ED7F /* ListingItem.swift */; };
		04FF944F249C1A4600D56B96 /* RedeemView.swift in Sources */ = {isa = PBXBuildFile; fileRef = 04FF944E249C1A4500D56B96 /* RedeemView.swift */; };
		04FF9451249C2E2900D56B96 /* RemoteImageView.swift in Sources */ = {isa = PBXBuildFile; fileRef = 04FF9450249C2E2900D56B96 /* RemoteImageView.swift */; };
		8319858B992C8734D9F3AEE4 /* Pods_Digital_Coupon.framework in Frameworks */ = {isa = PBXBuildFile; fileRef = 80DB2D27DEF42331824F717A /* Pods_Digital_Coupon.framework */; };
/* End PBXBuildFile section */

/* Begin PBXFileReference section */
		0471C72A249B549D0012ED7F /* Digital Coupon.app */ = {isa = PBXFileReference; explicitFileType = wrapper.application; includeInIndex = 0; path = "Digital Coupon.app"; sourceTree = BUILT_PRODUCTS_DIR; };
		0471C72D249B549D0012ED7F /* AppDelegate.swift */ = {isa = PBXFileReference; lastKnownFileType = sourcecode.swift; path = AppDelegate.swift; sourceTree = "<group>"; };
		0471C72F249B549D0012ED7F /* SceneDelegate.swift */ = {isa = PBXFileReference; lastKnownFileType = sourcecode.swift; path = SceneDelegate.swift; sourceTree = "<group>"; };
		0471C731249B549D0012ED7F /* ContentView.swift */ = {isa = PBXFileReference; lastKnownFileType = sourcecode.swift; path = ContentView.swift; sourceTree = "<group>"; };
		0471C733249B549E0012ED7F /* Assets.xcassets */ = {isa = PBXFileReference; lastKnownFileType = folder.assetcatalog; path = Assets.xcassets; sourceTree = "<group>"; };
		0471C736249B549E0012ED7F /* Preview Assets.xcassets */ = {isa = PBXFileReference; lastKnownFileType = folder.assetcatalog; path = "Preview Assets.xcassets"; sourceTree = "<group>"; };
		0471C739249B549E0012ED7F /* Base */ = {isa = PBXFileReference; lastKnownFileType = file.storyboard; name = Base; path = Base.lproj/LaunchScreen.storyboard; sourceTree = "<group>"; };
		0471C73B249B549E0012ED7F /* Info.plist */ = {isa = PBXFileReference; lastKnownFileType = text.plist.xml; path = Info.plist; sourceTree = "<group>"; };
		0471C741249B8F180012ED7F /* FirebaseSession.swift */ = {isa = PBXFileReference; fileEncoding = 4; lastKnownFileType = sourcecode.swift; path = FirebaseSession.swift; sourceTree = "<group>"; };
		0471C743249B8FD00012ED7F /* ActivityIndicator.swift */ = {isa = PBXFileReference; fileEncoding = 4; lastKnownFileType = sourcecode.swift; path = ActivityIndicator.swift; sourceTree = "<group>"; };
		0471C745249BA05B0012ED7F /* GoogleService-Info.plist */ = {isa = PBXFileReference; fileEncoding = 4; lastKnownFileType = text.plist.xml; path = "GoogleService-Info.plist"; sourceTree = "<group>"; };
		0471C747249BE65B0012ED7F /* MerchantsView.swift */ = {isa = PBXFileReference; lastKnownFileType = sourcecode.swift; path = MerchantsView.swift; sourceTree = "<group>"; };
		0471C749249BE6F60012ED7F /* LoadingView.swift */ = {isa = PBXFileReference; fileEncoding = 4; lastKnownFileType = sourcecode.swift; path = LoadingView.swift; sourceTree = "<group>"; };
		0471C74B249BE8020012ED7F /* Merchant.swift */ = {isa = PBXFileReference; lastKnownFileType = sourcecode.swift; path = Merchant.swift; sourceTree = "<group>"; };
		0471C74E249BE8DE0012ED7F /* ListingDetail.swift */ = {isa = PBXFileReference; fileEncoding = 4; lastKnownFileType = sourcecode.swift; path = ListingDetail.swift; sourceTree = "<group>"; };
		0471C751249BEF9E0012ED7F /* SnapshotExtension.swift */ = {isa = PBXFileReference; fileEncoding = 4; lastKnownFileType = sourcecode.swift; path = SnapshotExtension.swift; sourceTree = "<group>"; };
		0471C753249BFE330012ED7F /* ListingItem.swift */ = {isa = PBXFileReference; lastKnownFileType = sourcecode.swift; path = ListingItem.swift; sourceTree = "<group>"; };
		04FF944E249C1A4500D56B96 /* RedeemView.swift */ = {isa = PBXFileReference; lastKnownFileType = sourcecode.swift; path = RedeemView.swift; sourceTree = "<group>"; };
		04FF9450249C2E2900D56B96 /* RemoteImageView.swift */ = {isa = PBXFileReference; lastKnownFileType = sourcecode.swift; path = RemoteImageView.swift; sourceTree = "<group>"; };
		80DB2D27DEF42331824F717A /* Pods_Digital_Coupon.framework */ = {isa = PBXFileReference; explicitFileType = wrapper.framework; includeInIndex = 0; path = Pods_Digital_Coupon.framework; sourceTree = BUILT_PRODUCTS_DIR; };
		F911DBC112D04A6CB811434C /* Pods-Digital Coupon.release.xcconfig */ = {isa = PBXFileReference; includeInIndex = 1; lastKnownFileType = text.xcconfig; name = "Pods-Digital Coupon.release.xcconfig"; path = "Target Support Files/Pods-Digital Coupon/Pods-Digital Coupon.release.xcconfig"; sourceTree = "<group>"; };
		F9EE39104F5004AF8F003CFB /* Pods-Digital Coupon.debug.xcconfig */ = {isa = PBXFileReference; includeInIndex = 1; lastKnownFileType = text.xcconfig; name = "Pods-Digital Coupon.debug.xcconfig"; path = "Target Support Files/Pods-Digital Coupon/Pods-Digital Coupon.debug.xcconfig"; sourceTree = "<group>"; };
/* End PBXFileReference section */

/* Begin PBXFrameworksBuildPhase section */
		0471C727249B549D0012ED7F /* Frameworks */ = {
			isa = PBXFrameworksBuildPhase;
			buildActionMask = 2147483647;
			files = (
				8319858B992C8734D9F3AEE4 /* Pods_Digital_Coupon.framework in Frameworks */,
			);
			runOnlyForDeploymentPostprocessing = 0;
		};
/* End PBXFrameworksBuildPhase section */

/* Begin PBXGroup section */
		0471C721249B549D0012ED7F = {
			isa = PBXGroup;
			children = (
				0471C72C249B549D0012ED7F /* Digital Coupon */,
				0471C72B249B549D0012ED7F /* Products */,
				1C6E4B8E5AB23AC52D74695A /* Pods */,
				C4D40C659FD3D2E94D4D51FE /* Frameworks */,
			);
			sourceTree = "<group>";
		};
		0471C72B249B549D0012ED7F /* Products */ = {
			isa = PBXGroup;
			children = (
				0471C72A249B549D0012ED7F /* Digital Coupon.app */,
			);
			name = Products;
			sourceTree = "<group>";
		};
		0471C72C249B549D0012ED7F /* Digital Coupon */ = {
			isa = PBXGroup;
			children = (
				0471C72D249B549D0012ED7F /* AppDelegate.swift */,
				0471C72F249B549D0012ED7F /* SceneDelegate.swift */,
				0471C747249BE65B0012ED7F /* MerchantsView.swift */,
				0471C731249B549D0012ED7F /* ContentView.swift */,
				0471C74B249BE8020012ED7F /* Merchant.swift */,
				0471C733249B549E0012ED7F /* Assets.xcassets */,
				0471C738249B549E0012ED7F /* LaunchScreen.storyboard */,
				0471C749249BE6F60012ED7F /* LoadingView.swift */,
				04FF944E249C1A4500D56B96 /* RedeemView.swift */,
				0471C74E249BE8DE0012ED7F /* ListingDetail.swift */,
				0471C751249BEF9E0012ED7F /* SnapshotExtension.swift */,
				0471C753249BFE330012ED7F /* ListingItem.swift */,
				0471C741249B8F180012ED7F /* FirebaseSession.swift */,
				0471C743249B8FD00012ED7F /* ActivityIndicator.swift */,
				04FF9450249C2E2900D56B96 /* RemoteImageView.swift */,
				0471C73B249B549E0012ED7F /* Info.plist */,
				0471C745249BA05B0012ED7F /* GoogleService-Info.plist */,
				0471C735249B549E0012ED7F /* Preview Content */,
			);
			path = "Digital Coupon";
			sourceTree = "<group>";
		};
		0471C735249B549E0012ED7F /* Preview Content */ = {
			isa = PBXGroup;
			children = (
				0471C736249B549E0012ED7F /* Preview Assets.xcassets */,
			);
			path = "Preview Content";
			sourceTree = "<group>";
		};
		1C6E4B8E5AB23AC52D74695A /* Pods */ = {
			isa = PBXGroup;
			children = (
				F9EE39104F5004AF8F003CFB /* Pods-Digital Coupon.debug.xcconfig */,
				F911DBC112D04A6CB811434C /* Pods-Digital Coupon.release.xcconfig */,
			);
			path = Pods;
			sourceTree = "<group>";
		};
		C4D40C659FD3D2E94D4D51FE /* Frameworks */ = {
			isa = PBXGroup;
			children = (
				80DB2D27DEF42331824F717A /* Pods_Digital_Coupon.framework */,
			);
			name = Frameworks;
			sourceTree = "<group>";
		};
/* End PBXGroup section */

/* Begin PBXNativeTarget section */
		0471C729249B549D0012ED7F /* Digital Coupon */ = {
			isa = PBXNativeTarget;
			buildConfigurationList = 0471C73E249B549E0012ED7F /* Build configuration list for PBXNativeTarget "Digital Coupon" */;
			buildPhases = (
				D1EF45E6A03EC4B63CF8DA35 /* [CP] Check Pods Manifest.lock */,
				0471C726249B549D0012ED7F /* Sources */,
				0471C727249B549D0012ED7F /* Frameworks */,
				0471C728249B549D0012ED7F /* Resources */,
				24087B541B649CD4EB559ED8 /* [CP] Embed Pods Frameworks */,
			);
			buildRules = (
			);
			dependencies = (
			);
			name = "Digital Coupon";
			productName = "Digital Coupon";
			productReference = 0471C72A249B549D0012ED7F /* Digital Coupon.app */;
			productType = "com.apple.product-type.application";
		};
/* End PBXNativeTarget section */

/* Begin PBXProject section */
		0471C722249B549D0012ED7F /* Project object */ = {
			isa = PBXProject;
			attributes = {
				LastSwiftUpdateCheck = 1150;
				LastUpgradeCheck = 1150;
				ORGANIZATIONNAME = Mac;
				TargetAttributes = {
					0471C729249B549D0012ED7F = {
						CreatedOnToolsVersion = 11.5;
					};
				};
			};
			buildConfigurationList = 0471C725249B549D0012ED7F /* Build configuration list for PBXProject "Digital Coupon" */;
			compatibilityVersion = "Xcode 9.3";
			developmentRegion = en;
			hasScannedForEncodings = 0;
			knownRegions = (
				en,
				Base,
			);
			mainGroup = 0471C721249B549D0012ED7F;
			productRefGroup = 0471C72B249B549D0012ED7F /* Products */;
			projectDirPath = "";
			projectRoot = "";
			targets = (
				0471C729249B549D0012ED7F /* Digital Coupon */,
			);
		};
/* End PBXProject section */

/* Begin PBXResourcesBuildPhase section */
		0471C728249B549D0012ED7F /* Resources */ = {
			isa = PBXResourcesBuildPhase;
			buildActionMask = 2147483647;
			files = (
				0471C73A249B549E0012ED7F /* LaunchScreen.storyboard in Resources */,
				0471C746249BA05B0012ED7F /* GoogleService-Info.plist in Resources */,
				0471C737249B549E0012ED7F /* Preview Assets.xcassets in Resources */,
				0471C734249B549E0012ED7F /* Assets.xcassets in Resources */,
			);
			runOnlyForDeploymentPostprocessing = 0;
		};
/* End PBXResourcesBuildPhase section */

/* Begin PBXShellScriptBuildPhase section */
		24087B541B649CD4EB559ED8 /* [CP] Embed Pods Frameworks */ = {
			isa = PBXShellScriptBuildPhase;
			buildActionMask = 2147483647;
			files = (
			);
			inputFileListPaths = (
				"${PODS_ROOT}/Target Support Files/Pods-Digital Coupon/Pods-Digital Coupon-frameworks-${CONFIGURATION}-input-files.xcfilelist",
			);
			name = "[CP] Embed Pods Frameworks";
			outputFileListPaths = (
				"${PODS_ROOT}/Target Support Files/Pods-Digital Coupon/Pods-Digital Coupon-frameworks-${CONFIGURATION}-output-files.xcfilelist",
			);
			runOnlyForDeploymentPostprocessing = 0;
			shellPath = /bin/sh;
			shellScript = "\"${PODS_ROOT}/Target Support Files/Pods-Digital Coupon/Pods-Digital Coupon-frameworks.sh\"\n";
			showEnvVarsInLog = 0;
		};
		D1EF45E6A03EC4B63CF8DA35 /* [CP] Check Pods Manifest.lock */ = {
			isa = PBXShellScriptBuildPhase;
			buildActionMask = 2147483647;
			files = (
			);
			inputFileListPaths = (
			);
			inputPaths = (
				"${PODS_PODFILE_DIR_PATH}/Podfile.lock",
				"${PODS_ROOT}/Manifest.lock",
			);
			name = "[CP] Check Pods Manifest.lock";
			outputFileListPaths = (
			);
			outputPaths = (
				"$(DERIVED_FILE_DIR)/Pods-Digital Coupon-checkManifestLockResult.txt",
			);
			runOnlyForDeploymentPostprocessing = 0;
			shellPath = /bin/sh;
			shellScript = "diff \"${PODS_PODFILE_DIR_PATH}/Podfile.lock\" \"${PODS_ROOT}/Manifest.lock\" > /dev/null\nif [ $? != 0 ] ; then\n    # print error to STDERR\n    echo \"error: The sandbox is not in sync with the Podfile.lock. Run 'pod install' or update your CocoaPods installation.\" >&2\n    exit 1\nfi\n# This output is used by Xcode 'outputs' to avoid re-running this script phase.\necho \"SUCCESS\" > \"${SCRIPT_OUTPUT_FILE_0}\"\n";
			showEnvVarsInLog = 0;
		};
/* End PBXShellScriptBuildPhase section */

/* Begin PBXSourcesBuildPhase section */
		0471C726249B549D0012ED7F /* Sources */ = {
			isa = PBXSourcesBuildPhase;
			buildActionMask = 2147483647;
			files = (
				04FF944F249C1A4600D56B96 /* RedeemView.swift in Sources */,
				0471C72E249B549D0012ED7F /* AppDelegate.swift in Sources */,
				0471C744249B8FD00012ED7F /* ActivityIndicator.swift in Sources */,
				0471C752249BEF9E0012ED7F /* SnapshotExtension.swift in Sources */,
				0471C750249BE8DE0012ED7F /* ListingDetail.swift in Sources */,
				04FF9451249C2E2900D56B96 /* RemoteImageView.swift in Sources */,
				0471C748249BE65B0012ED7F /* MerchantsView.swift in Sources */,
				0471C74C249BE8020012ED7F /* Merchant.swift in Sources */,
				0471C742249B8F180012ED7F /* FirebaseSession.swift in Sources */,
				0471C754249BFE330012ED7F /* ListingItem.swift in Sources */,
				0471C730249B549D0012ED7F /* SceneDelegate.swift in Sources */,
				0471C74A249BE6F60012ED7F /* LoadingView.swift in Sources */,
				0471C732249B549D0012ED7F /* ContentView.swift in Sources */,
			);
			runOnlyForDeploymentPostprocessing = 0;
		};
/* End PBXSourcesBuildPhase section */

/* Begin PBXVariantGroup section */
		0471C738249B549E0012ED7F /* LaunchScreen.storyboard */ = {
			isa = PBXVariantGroup;
			children = (
				0471C739249B549E0012ED7F /* Base */,
			);
			name = LaunchScreen.storyboard;
			sourceTree = "<group>";
		};
/* End PBXVariantGroup section */

/* Begin XCBuildConfiguration section */
		0471C73C249B549E0012ED7F /* Debug */ = {
			isa = XCBuildConfiguration;
			buildSettings = {
				ALWAYS_SEARCH_USER_PATHS = NO;
				CLANG_ANALYZER_NONNULL = YES;
				CLANG_ANALYZER_NUMBER_OBJECT_CONVERSION = YES_AGGRESSIVE;
				CLANG_CXX_LANGUAGE_STANDARD = "gnu++14";
				CLANG_CXX_LIBRARY = "libc++";
				CLANG_ENABLE_MODULES = YES;
				CLANG_ENABLE_OBJC_ARC = YES;
				CLANG_ENABLE_OBJC_WEAK = YES;
				CLANG_WARN_BLOCK_CAPTURE_AUTORELEASING = YES;
				CLANG_WARN_BOOL_CONVERSION = YES;
				CLANG_WARN_COMMA = YES;
				CLANG_WARN_CONSTANT_CONVERSION = YES;
				CLANG_WARN_DEPRECATED_OBJC_IMPLEMENTATIONS = YES;
				CLANG_WARN_DIRECT_OBJC_ISA_USAGE = YES_ERROR;
				CLANG_WARN_DOCUMENTATION_COMMENTS = YES;
				CLANG_WARN_EMPTY_BODY = YES;
				CLANG_WARN_ENUM_CONVERSION = YES;
				CLANG_WARN_INFINITE_RECURSION = YES;
				CLANG_WARN_INT_CONVERSION = YES;
				CLANG_WARN_NON_LITERAL_NULL_CONVERSION = YES;
				CLANG_WARN_OBJC_IMPLICIT_RETAIN_SELF = YES;
				CLANG_WARN_OBJC_LITERAL_CONVERSION = YES;
				CLANG_WARN_OBJC_ROOT_CLASS = YES_ERROR;
				CLANG_WARN_RANGE_LOOP_ANALYSIS = YES;
				CLANG_WARN_STRICT_PROTOTYPES = YES;
				CLANG_WARN_SUSPICIOUS_MOVE = YES;
				CLANG_WARN_UNGUARDED_AVAILABILITY = YES_AGGRESSIVE;
				CLANG_WARN_UNREACHABLE_CODE = YES;
				CLANG_WARN__DUPLICATE_METHOD_MATCH = YES;
				COPY_PHASE_STRIP = NO;
				DEBUG_INFORMATION_FORMAT = dwarf;
				ENABLE_STRICT_OBJC_MSGSEND = YES;
				ENABLE_TESTABILITY = YES;
				GCC_C_LANGUAGE_STANDARD = gnu11;
				GCC_DYNAMIC_NO_PIC = NO;
				GCC_NO_COMMON_BLOCKS = YES;
				GCC_OPTIMIZATION_LEVEL = 0;
				GCC_PREPROCESSOR_DEFINITIONS = (
					"DEBUG=1",
					"$(inherited)",
				);
				GCC_WARN_64_TO_32_BIT_CONVERSION = YES;
				GCC_WARN_ABOUT_RETURN_TYPE = YES_ERROR;
				GCC_WARN_UNDECLARED_SELECTOR = YES;
				GCC_WARN_UNINITIALIZED_AUTOS = YES_AGGRESSIVE;
				GCC_WARN_UNUSED_FUNCTION = YES;
				GCC_WARN_UNUSED_VARIABLE = YES;
				IPHONEOS_DEPLOYMENT_TARGET = 13.5;
				MTL_ENABLE_DEBUG_INFO = INCLUDE_SOURCE;
				MTL_FAST_MATH = YES;
				ONLY_ACTIVE_ARCH = YES;
				SDKROOT = iphoneos;
				SWIFT_ACTIVE_COMPILATION_CONDITIONS = DEBUG;
				SWIFT_OPTIMIZATION_LEVEL = "-Onone";
			};
			name = Debug;
		};
		0471C73D249B549E0012ED7F /* Release */ = {
			isa = XCBuildConfiguration;
			buildSettings = {
				ALWAYS_SEARCH_USER_PATHS = NO;
				CLANG_ANALYZER_NONNULL = YES;
				CLANG_ANALYZER_NUMBER_OBJECT_CONVERSION = YES_AGGRESSIVE;
				CLANG_CXX_LANGUAGE_STANDARD = "gnu++14";
				CLANG_CXX_LIBRARY = "libc++";
				CLANG_ENABLE_MODULES = YES;
				CLANG_ENABLE_OBJC_ARC = YES;
				CLANG_ENABLE_OBJC_WEAK = YES;
				CLANG_WARN_BLOCK_CAPTURE_AUTORELEASING = YES;
				CLANG_WARN_BOOL_CONVERSION = YES;
				CLANG_WARN_COMMA = YES;
				CLANG_WARN_CONSTANT_CONVERSION = YES;
				CLANG_WARN_DEPRECATED_OBJC_IMPLEMENTATIONS = YES;
				CLANG_WARN_DIRECT_OBJC_ISA_USAGE = YES_ERROR;
				CLANG_WARN_DOCUMENTATION_COMMENTS = YES;
				CLANG_WARN_EMPTY_BODY = YES;
				CLANG_WARN_ENUM_CONVERSION = YES;
				CLANG_WARN_INFINITE_RECURSION = YES;
				CLANG_WARN_INT_CONVERSION = YES;
				CLANG_WARN_NON_LITERAL_NULL_CONVERSION = YES;
				CLANG_WARN_OBJC_IMPLICIT_RETAIN_SELF = YES;
				CLANG_WARN_OBJC_LITERAL_CONVERSION = YES;
				CLANG_WARN_OBJC_ROOT_CLASS = YES_ERROR;
				CLANG_WARN_RANGE_LOOP_ANALYSIS = YES;
				CLANG_WARN_STRICT_PROTOTYPES = YES;
				CLANG_WARN_SUSPICIOUS_MOVE = YES;
				CLANG_WARN_UNGUARDED_AVAILABILITY = YES_AGGRESSIVE;
				CLANG_WARN_UNREACHABLE_CODE = YES;
				CLANG_WARN__DUPLICATE_METHOD_MATCH = YES;
				COPY_PHASE_STRIP = NO;
				DEBUG_INFORMATION_FORMAT = "dwarf-with-dsym";
				ENABLE_NS_ASSERTIONS = NO;
				ENABLE_STRICT_OBJC_MSGSEND = YES;
				GCC_C_LANGUAGE_STANDARD = gnu11;
				GCC_NO_COMMON_BLOCKS = YES;
				GCC_WARN_64_TO_32_BIT_CONVERSION = YES;
				GCC_WARN_ABOUT_RETURN_TYPE = YES_ERROR;
				GCC_WARN_UNDECLARED_SELECTOR = YES;
				GCC_WARN_UNINITIALIZED_AUTOS = YES_AGGRESSIVE;
				GCC_WARN_UNUSED_FUNCTION = YES;
				GCC_WARN_UNUSED_VARIABLE = YES;
				IPHONEOS_DEPLOYMENT_TARGET = 13.5;
				MTL_ENABLE_DEBUG_INFO = NO;
				MTL_FAST_MATH = YES;
				SDKROOT = iphoneos;
				SWIFT_COMPILATION_MODE = wholemodule;
				SWIFT_OPTIMIZATION_LEVEL = "-O";
				VALIDATE_PRODUCT = YES;
			};
			name = Release;
		};
		0471C73F249B549E0012ED7F /* Debug */ = {
			isa = XCBuildConfiguration;
			baseConfigurationReference = F9EE39104F5004AF8F003CFB /* Pods-Digital Coupon.debug.xcconfig */;
			buildSettings = {
				ASSETCATALOG_COMPILER_APPICON_NAME = AppIcon;
				CODE_SIGN_STYLE = Automatic;
				DEVELOPMENT_ASSET_PATHS = "\"Digital Coupon/Preview Content\"";
				DEVELOPMENT_TEAM = DWDZ3HY3SQ;
				ENABLE_PREVIEWS = YES;
				INFOPLIST_FILE = "Digital Coupon/Info.plist";
				LD_RUNPATH_SEARCH_PATHS = (
					"$(inherited)",
					"@executable_path/Frameworks",
				);
				PRODUCT_BUNDLE_IDENTIFIER = "com.app.Digital-Coupon";
				PRODUCT_NAME = "$(TARGET_NAME)";
				SWIFT_VERSION = 5.0;
				TARGETED_DEVICE_FAMILY = "1,2";
			};
			name = Debug;
		};
		0471C740249B549E0012ED7F /* Release */ = {
			isa = XCBuildConfiguration;
			baseConfigurationReference = F911DBC112D04A6CB811434C /* Pods-Digital Coupon.release.xcconfig */;
			buildSettings = {
				ASSETCATALOG_COMPILER_APPICON_NAME = AppIcon;
				CODE_SIGN_STYLE = Automatic;
				DEVELOPMENT_ASSET_PATHS = "\"Digital Coupon/Preview Content\"";
				DEVELOPMENT_TEAM = DWDZ3HY3SQ;
				ENABLE_PREVIEWS = YES;
				INFOPLIST_FILE = "Digital Coupon/Info.plist";
				LD_RUNPATH_SEARCH_PATHS = (
					"$(inherited)",
					"@executable_path/Frameworks",
				);
				PRODUCT_BUNDLE_IDENTIFIER = "com.app.Digital-Coupon";
				PRODUCT_NAME = "$(TARGET_NAME)";
				SWIFT_VERSION = 5.0;
				TARGETED_DEVICE_FAMILY = "1,2";
			};
			name = Release;
		};
/* End XCBuildConfiguration section */

/* Begin XCConfigurationList section */
		0471C725249B549D0012ED7F /* Build configuration list for PBXProject "Digital Coupon" */ = {
			isa = XCConfigurationList;
			buildConfigurations = (
				0471C73C249B549E0012ED7F /* Debug */,
				0471C73D249B549E0012ED7F /* Release */,
			);
			defaultConfigurationIsVisible = 0;
			defaultConfigurationName = Release;
		};
		0471C73E249B549E0012ED7F /* Build configuration list for PBXNativeTarget "Digital Coupon" */ = {
			isa = XCConfigurationList;
			buildConfigurations = (
				0471C73F249B549E0012ED7F /* Debug */,
				0471C740249B549E0012ED7F /* Release */,
			);
			defaultConfigurationIsVisible = 0;
			defaultConfigurationName = Release;
		};
/* End XCConfigurationList section */
	};
	rootObject = 0471C722249B549D0012ED7F /* Project object */;
}
